
Microsoft Visual Studio Solution File, Format Version 11.00
# Visual Studio 2010
Project("{8BC9CEB8-8B4A-11D0-8D11-00A0C91BC942}") = "DllHook", "prj\DllHook\DllHook.vcxproj", "{5753059B-3761-47A5-BA0C-971EFB349BCF}"
EndProject
Project("{8BC9CEB8-8B4A-11D0-8D11-00A0C91BC942}") = "Server", "prj\Server\Server.vcxproj", "{3BE4FE89-6B04-4A53-A16B-91AC8F608F00}"
	ProjectSection(ProjectDependencies) = postProject
		{5753059B-3761-47A5-BA0C-971EFB349BCF} = {5753059B-3761-47A5-BA0C-971EFB349BCF}
	EndProjectSection
EndProject
Global
	GlobalSection(SolutionConfigurationPlatforms) = preSolution
		Debug|Win32 = Debug|Win32
		Release|Win32 = Release|Win32
	EndGlobalSection
	GlobalSection(ProjectConfigurationPlatforms) = postSolution
		{5753059B-3761-47A5-BA0C-971EFB349BCF}.Debug|Win32.ActiveCfg = Debug|Win32
		{5753059B-3761-47A5-BA0C-971EFB349BCF}.Debug|Win32.Build.0 = Debug|Win32
		{5753059B-3761-47A5-BA0C-971EFB349BCF}.Release|Win32.ActiveCfg = Release|Win32
		{5753059B-3761-47A5-BA0C-971EFB349BCF}.Release|Win32.Build.0 = Release|Win32
		{3BE4FE89-6B04-4A53-A16B-91AC8F608F00}.Debug|Win32.ActiveCfg = Debug|Win32
		{3BE4FE89-6B04-4A53-A16B-91AC8F608F00}.Debug|Win32.Build.0 = Debug|Win32
		{3BE4FE89-6B04-4A53-A16B-91AC8F608F00}.Release|Win32.ActiveCfg = Release|Win32
		{3BE4FE89-6B04-4A53-A16B-91AC8F608F00}.Release|Win32.Build.0 = Release|Win32
	EndGlobalSection
	GlobalSection(SolutionProperties) = preSolution
		HideSolutionNode = FALSE
	EndGlobalSection
EndGlobal
